{
  "nodes": {
    "flake-utils": {
      "inputs": {
        "systems": "systems"
      },
      "locked": {
        "lastModified": 1710146030,
        "narHash": "sha256-SZ5L6eA7HJ/nmkzGG7/ISclqe6oZdOZTNoesiInkXPQ=",
        "owner": "numtide",
        "repo": "flake-utils",
        "rev": "b1d9ab70662946ef0850d488da1c9019f3a9752a",
        "type": "github"
      },
      "original": {
        "owner": "numtide",
        "repo": "flake-utils",
        "type": "github"
      }
    },
    "home-manager": {
      "inputs": {
        "nixpkgs": [
          "nixpkgs"
        ]
      },
      "locked": {
        "lastModified": 1717527182,
        "narHash": "sha256-vWSkg6AMok1UUQiSYVdGMOXKD2cDFnajITiSi0Zjd1A=",
        "owner": "nix-community",
        "repo": "home-manager",
        "rev": "845a5c4c073f74105022533907703441e0464bc3",
        "type": "github"
      },
      "original": {
        "owner": "nix-community",
        "ref": "release-24.05",
        "repo": "home-manager",
        "type": "github"
      }
    },
    "libcamera-apps-src": {
      "flake": false,
      "locked": {
        "lastModified": 1713431793,
        "narHash": "sha256-uoewZMGf3vsBoRDfRz8KBKl+J6st/J44SHvNRMBdaUI=",
        "owner": "raspberrypi",
        "repo": "libcamera-apps",
        "rev": "414a7383464b98f21f5e5381a16cc73ae0350ba6",
        "type": "github"
      },
      "original": {
        "owner": "raspberrypi",
        "ref": "v1.4.4",
        "repo": "libcamera-apps",
        "type": "github"
      }
    },
    "libcamera-src": {
      "flake": false,
      "locked": {
        "lastModified": 1713446223,
        "narHash": "sha256-p0/inkHPRUkxSIsTmj7VI7sIaX7OXdqjMGZ31W7cnt4=",
        "owner": "raspberrypi",
        "repo": "libcamera",
        "rev": "eb00c13d7c9f937732305d47af5b8ccf895e700f",
        "type": "github"
      },
      "original": {
        "owner": "raspberrypi",
        "repo": "libcamera",
        "rev": "eb00c13d7c9f937732305d47af5b8ccf895e700f",
        "type": "github"
      }
    },
    "libpisp-src": {
      "flake": false,
      "locked": {
        "lastModified": 1713362873,
        "narHash": "sha256-CHd44CH5dBcZuK+5fZtONZ8HE/lwGKwK5U0BYUK8gG4=",
        "owner": "raspberrypi",
        "repo": "libpisp",
        "rev": "999da5acb4f40cb8e93d22ec16e28edd55ec9414",
        "type": "github"
      },
      "original": {
        "owner": "raspberrypi",
        "ref": "v1.0.5",
        "repo": "libpisp",
        "type": "github"
      }
    },
    "nix-index-database": {
      "inputs": {
        "nixpkgs": [
          "nixpkgs"
        ]
      },
      "locked": {
        "lastModified": 1718011381,
        "narHash": "sha256-sFXI+ZANp/OC+MwfJoZgPSf4xMdtzQMe1pS3FGti4C8=",
        "owner": "Mic92",
        "repo": "nix-index-database",
        "rev": "88ad3d7501e22b2401dd72734b032b7baa794434",
        "type": "github"
      },
      "original": {
        "owner": "Mic92",
        "repo": "nix-index-database",
        "type": "github"
      }
    },
    "nixos-hardware": {
      "locked": {
        "lastModified": 1718207430,
        "narHash": "sha256-/eO2NTRvrrdYWMI06plS8ANDGOhTZBA+C3H3KwbBI1w=",
        "owner": "NixOS",
        "repo": "nixos-hardware",
        "rev": "9e848e173ca83adf884815c66edc08652ef9ade8",
        "type": "github"
      },
      "original": {
        "owner": "NixOS",
        "ref": "master",
        "repo": "nixos-hardware",
        "type": "github"
      }
    },
    "nixpkgs": {
      "locked": {
        "lastModified": 1718086528,
        "narHash": "sha256-hoB7B7oPgypePz16cKWawPfhVvMSXj4G/qLsfFuhFjw=",
        "owner": "nixos",
        "repo": "nixpkgs",
        "rev": "47b604b07d1e8146d5398b42d3306fdebd343986",
        "type": "github"
      },
      "original": {
        "owner": "nixos",
        "ref": "nixos-24.05",
        "repo": "nixpkgs",
        "type": "github"
      }
    },
    "nixpkgs-unstable": {
      "locked": {
        "lastModified": 1718160348,
        "narHash": "sha256-9YrUjdztqi4Gz8n3mBuqvCkMo4ojrA6nASwyIKWMpus=",
        "owner": "nixos",
        "repo": "nixpkgs",
        "rev": "57d6973abba7ea108bac64ae7629e7431e0199b6",
        "type": "github"
      },
      "original": {
        "owner": "nixos",
        "ref": "nixos-unstable",
        "repo": "nixpkgs",
        "type": "github"
      }
    },
    "raspberry-pi-nix": {
      "inputs": {
        "libcamera-apps-src": "libcamera-apps-src",
        "libcamera-src": "libcamera-src",
        "libpisp-src": "libpisp-src",
        "nixpkgs": [
          "nixpkgs"
        ],
        "rpi-bluez-firmware-src": "rpi-bluez-firmware-src",
        "rpi-firmware-nonfree-src": "rpi-firmware-nonfree-src",
        "rpi-firmware-src": "rpi-firmware-src",
        "rpi-linux-6_6-src": "rpi-linux-6_6-src",
        "u-boot-src": "u-boot-src"
      },
      "locked": {
        "lastModified": 1716298142,
        "narHash": "sha256-UEMIk330LiFh05AfGaX7u5nBGD5uSs/ldWZe4948OaE=",
        "owner": "tstat",
        "repo": "raspberry-pi-nix",
        "rev": "26d6ba2a91e6384252bfea5e94c3364e7f8879f2",
        "type": "github"
      },
      "original": {
        "owner": "tstat",
        "repo": "raspberry-pi-nix",
        "type": "github"
      }
    },
    "root": {
      "inputs": {
        "flake-utils": "flake-utils",
        "home-manager": "home-manager",
        "nix-index-database": "nix-index-database",
        "nixos-hardware": "nixos-hardware",
        "nixpkgs": "nixpkgs",
        "nixpkgs-unstable": "nixpkgs-unstable",
        "raspberry-pi-nix": "raspberry-pi-nix"
      }
    },
    "rpi-bluez-firmware-src": {
      "flake": false,
      "locked": {
        "lastModified": 1698157837,
        "narHash": "sha256-CjbZ3t3TW/iJ3+t9QKEtM9NdQU7SwcUCDYuTmFEwvhU=",
        "owner": "RPi-Distro",
        "repo": "bluez-firmware",
        "rev": "d9d4741caba7314d6500f588b1eaa5ab387a4ff5",
        "type": "github"
      },
      "original": {
        "owner": "RPi-Distro",
        "repo": "bluez-firmware",
        "rev": "d9d4741caba7314d6500f588b1eaa5ab387a4ff5",
        "type": "github"
      }
    },
    "rpi-firmware-nonfree-src": {
      "flake": false,
      "locked": {
        "lastModified": 1700058854,
        "narHash": "sha256-Yynww79LPPkau4YDSLI6IMOjH64nMpHUdGjnCfIR2+M=",
        "owner": "RPi-Distro",
        "repo": "firmware-nonfree",
        "rev": "88aa085bfa1a4650e1ccd88896f8343c22a24055",
        "type": "github"
      },
      "original": {
        "owner": "RPi-Distro",
        "repo": "firmware-nonfree",
        "rev": "88aa085bfa1a4650e1ccd88896f8343c22a24055",
        "type": "github"
      }
    },
    "rpi-firmware-src": {
      "flake": false,
      "locked": {
        "lastModified": 1713970515,
        "narHash": "sha256-X5OinkLh/+mx34DM8mCk4tqOGuJdYxkvygv3gA77NJI=",
        "owner": "raspberrypi",
        "repo": "firmware",
        "rev": "969420b4121b522ab33c5001074cc4c2547dafaf",
        "type": "github"
      },
      "original": {
        "owner": "raspberrypi",
        "ref": "1.20240424",
        "repo": "firmware",
        "type": "github"
      }
    },
    "rpi-linux-6_6-src": {
      "flake": false,
      "locked": {
        "lastModified": 1713516936,
        "narHash": "sha256-mlsDuVczu0e57BlD/iq7IEEluOIgqbZ+W4Ju30E/zhw=",
        "owner": "raspberrypi",
        "repo": "linux",
        "rev": "0c341f47adc3578cd5f817aa20ee2b7f9ae6b23e",
        "type": "github"
      },
      "original": {
        "owner": "raspberrypi",
        "ref": "stable_20240423",
        "repo": "linux",
        "type": "github"
      }
    },
    "systems": {
      "locked": {
        "lastModified": 1681028828,
        "narHash": "sha256-Vy1rq5AaRuLzOxct8nz4T6wlgyUR7zLU309k9mBC768=",
        "owner": "nix-systems",
        "repo": "default",
        "rev": "da67096a3b9bf56a91d16901293e51ba5b49a27e",
        "type": "github"
      },
      "original": {
        "owner": "nix-systems",
        "repo": "default",
        "type": "github"
      }
    },
    "u-boot-src": {
      "flake": false,
      "locked": {
        "lastModified": 1712055538,
        "narHash": "sha256-IlaDdjKq/Pq2orzcU959h93WXRZfvKBGDO/MFw9mZMg=",
        "type": "tarball",
        "url": "https://ftp.denx.de/pub/u-boot/u-boot-2024.04.tar.bz2"
      },
      "original": {
        "type": "tarball",
        "url": "https://ftp.denx.de/pub/u-boot/u-boot-2024.04.tar.bz2"
      }
    }
  },
  "root": "root",
  "version": 7
}
